
Microsoft Visual Studio Solution File, Format Version 12.00
# Visual Studio Version 16
VisualStudioVersion = 16.0.30011.22
MinimumVisualStudioVersion = 10.0.40219.1
Project("{FAE04EC0-301F-11D3-BF4B-00C04F79EFBC}") = "Prueba", "Prueba\Prueba.csproj", "{B8C06A4B-33D5-4383-8293-228F60A093D2}"
EndProject
Global
	GlobalSection(SolutionConfigurationPlatforms) = preSolution
		Debug|Any CPU = Debug|Any CPU
		Release|Any CPU = Release|Any CPU
	EndGlobalSection
	GlobalSection(ProjectConfigurationPlatforms) = postSolution
		{B8C06A4B-33D5-4383-8293-228F60A093D2}.Debug|Any CPU.ActiveCfg = Debug|Any CPU
		{B8C06A4B-33D5-4383-8293-228F60A093D2}.Debug|Any CPU.Build.0 = Debug|Any CPU
		{B8C06A4B-33D5-4383-8293-228F60A093D2}.Release|Any CPU.ActiveCfg = Release|Any CPU
		{B8C06A4B-33D5-4383-8293-228F60A093D2}.Release|Any CPU.Build.0 = Release|Any CPU
	EndGlobalSection
	GlobalSection(SolutionProperties) = preSolution
		HideSolutionNode = FALSE
	EndGlobalSection
	GlobalSection(ExtensibilityGlobals) = postSolution
		SolutionGuid = {7D9B1026-357F-4165-B732-4A3B4576A2DC}
	EndGlobalSection
EndGlobal
